
Microsoft Visual Studio Solution File, Format Version 12.00
# Visual Studio Version 17
VisualStudioVersion = 17.4.33213.308
MinimumVisualStudioVersion = 10.0.40219.1
Project("{9A19103F-16F7-4668-BE54-9A1E7A4F7556}") = "SuntechIT.Demo", "SuntechIT.Demo\SuntechIT.Demo.csproj", "{2F5AB3AC-20FE-420F-B40A-0E25A166D5D9}"
EndProject
Project("{2150E333-8FDC-42A3-9474-1A3956D46DE8}") = "src", "src", "{0FDB615E-4B86-4D00-A371-E056DFB5F7DF}"
EndProject
Project("{9A19103F-16F7-4668-BE54-9A1E7A4F7556}") = "SuntechIT.Demo.Application", "SuntechIT.Demo.Application\SuntechIT.Demo.Application.csproj", "{2CFA5A62-7E2D-405E-B709-0BA0FC2B1CA9}"
EndProject
Project("{9A19103F-16F7-4668-BE54-9A1E7A4F7556}") = "SuntechIT.Demo.Domain", "SuntechIT.Demo.Domain\SuntechIT.Demo.Domain.csproj", "{929CF0BB-5C55-4C29-B409-822114C4F786}"
EndProject
Project("{9A19103F-16F7-4668-BE54-9A1E7A4F7556}") = "SuntechIT.Demo.Infrastructure", "SuntechIT.Demo.Infrastructure\SuntechIT.Demo.Infrastructure.csproj", "{403C917B-0EDE-487A-8644-56C8219A43CB}"
EndProject
Project("{9A19103F-16F7-4668-BE54-9A1E7A4F7556}") = "SuntechIT.Demo.Presentation", "SuntechIT.Demo.Presentation\SuntechIT.Demo.Presentation.csproj", "{C4BD8D07-9FCD-47E6-877D-1ED89190CB7E}"
EndProject
Global
	GlobalSection(SolutionConfigurationPlatforms) = preSolution
		Debug|Any CPU = Debug|Any CPU
		Release|Any CPU = Release|Any CPU
	EndGlobalSection
	GlobalSection(ProjectConfigurationPlatforms) = postSolution
		{2F5AB3AC-20FE-420F-B40A-0E25A166D5D9}.Debug|Any CPU.ActiveCfg = Debug|Any CPU
		{2F5AB3AC-20FE-420F-B40A-0E25A166D5D9}.Debug|Any CPU.Build.0 = Debug|Any CPU
		{2F5AB3AC-20FE-420F-B40A-0E25A166D5D9}.Release|Any CPU.ActiveCfg = Release|Any CPU
		{2F5AB3AC-20FE-420F-B40A-0E25A166D5D9}.Release|Any CPU.Build.0 = Release|Any CPU
		{2CFA5A62-7E2D-405E-B709-0BA0FC2B1CA9}.Debug|Any CPU.ActiveCfg = Debug|Any CPU
		{2CFA5A62-7E2D-405E-B709-0BA0FC2B1CA9}.Debug|Any CPU.Build.0 = Debug|Any CPU
		{2CFA5A62-7E2D-405E-B709-0BA0FC2B1CA9}.Release|Any CPU.ActiveCfg = Release|Any CPU
		{2CFA5A62-7E2D-405E-B709-0BA0FC2B1CA9}.Release|Any CPU.Build.0 = Release|Any CPU
		{929CF0BB-5C55-4C29-B409-822114C4F786}.Debug|Any CPU.ActiveCfg = Debug|Any CPU
		{929CF0BB-5C55-4C29-B409-822114C4F786}.Debug|Any CPU.Build.0 = Debug|Any CPU
		{929CF0BB-5C55-4C29-B409-822114C4F786}.Release|Any CPU.ActiveCfg = Release|Any CPU
		{929CF0BB-5C55-4C29-B409-822114C4F786}.Release|Any CPU.Build.0 = Release|Any CPU
		{403C917B-0EDE-487A-8644-56C8219A43CB}.Debug|Any CPU.ActiveCfg = Debug|Any CPU
		{403C917B-0EDE-487A-8644-56C8219A43CB}.Debug|Any CPU.Build.0 = Debug|Any CPU
		{403C917B-0EDE-487A-8644-56C8219A43CB}.Release|Any CPU.ActiveCfg = Release|Any CPU
		{403C917B-0EDE-487A-8644-56C8219A43CB}.Release|Any CPU.Build.0 = Release|Any CPU
		{C4BD8D07-9FCD-47E6-877D-1ED89190CB7E}.Debug|Any CPU.ActiveCfg = Debug|Any CPU
		{C4BD8D07-9FCD-47E6-877D-1ED89190CB7E}.Debug|Any CPU.Build.0 = Debug|Any CPU
		{C4BD8D07-9FCD-47E6-877D-1ED89190CB7E}.Release|Any CPU.ActiveCfg = Release|Any CPU
		{C4BD8D07-9FCD-47E6-877D-1ED89190CB7E}.Release|Any CPU.Build.0 = Release|Any CPU
	EndGlobalSection
	GlobalSection(SolutionProperties) = preSolution
		HideSolutionNode = FALSE
	EndGlobalSection
	GlobalSection(NestedProjects) = preSolution
		{2F5AB3AC-20FE-420F-B40A-0E25A166D5D9} = {0FDB615E-4B86-4D00-A371-E056DFB5F7DF}
		{2CFA5A62-7E2D-405E-B709-0BA0FC2B1CA9} = {0FDB615E-4B86-4D00-A371-E056DFB5F7DF}
		{929CF0BB-5C55-4C29-B409-822114C4F786} = {0FDB615E-4B86-4D00-A371-E056DFB5F7DF}
		{403C917B-0EDE-487A-8644-56C8219A43CB} = {0FDB615E-4B86-4D00-A371-E056DFB5F7DF}
		{C4BD8D07-9FCD-47E6-877D-1ED89190CB7E} = {0FDB615E-4B86-4D00-A371-E056DFB5F7DF}
	EndGlobalSection
	GlobalSection(ExtensibilityGlobals) = postSolution
		SolutionGuid = {0FF8735E-04CC-44FE-A29D-5CC5B0C674E8}
	EndGlobalSection
EndGlobal
